
Microsoft Visual Studio Solution File, Format Version 12.00
# Visual Studio Version 17
VisualStudioVersion = 17.3.32929.385
MinimumVisualStudioVersion = 10.0.40219.1
Project("{FAE04EC0-301F-11D3-BF4B-00C04F79EFBC}") = "RecetasULTIMO00", "RecetasULTIMO00.csproj", "{8998FFEC-B823-4DF3-A79D-4D22E522B16F}"
EndProject
Project("{FAE04EC0-301F-11D3-BF4B-00C04F79EFBC}") = "RecetasBackEnd", "..\RecetasBackEnd\RecetasBackEnd.csproj", "{B0CDBF39-0B65-47B4-9867-EC68511D3E01}"
EndProject
Project("{FAE04EC0-301F-11D3-BF4B-00C04F79EFBC}") = "RecetasFrontEnd", "..\RecetasFrontEnd\RecetasFrontEnd.csproj", "{5AEFF96C-D9E7-4448-BEE7-638E0471AE86}"
EndProject
Global
	GlobalSection(SolutionConfigurationPlatforms) = preSolution
		Debug|Any CPU = Debug|Any CPU
		Release|Any CPU = Release|Any CPU
	EndGlobalSection
	GlobalSection(ProjectConfigurationPlatforms) = postSolution
		{8998FFEC-B823-4DF3-A79D-4D22E522B16F}.Debug|Any CPU.ActiveCfg = Debug|Any CPU
		{8998FFEC-B823-4DF3-A79D-4D22E522B16F}.Debug|Any CPU.Build.0 = Debug|Any CPU
		{8998FFEC-B823-4DF3-A79D-4D22E522B16F}.Release|Any CPU.ActiveCfg = Release|Any CPU
		{8998FFEC-B823-4DF3-A79D-4D22E522B16F}.Release|Any CPU.Build.0 = Release|Any CPU
		{B0CDBF39-0B65-47B4-9867-EC68511D3E01}.Debug|Any CPU.ActiveCfg = Debug|Any CPU
		{B0CDBF39-0B65-47B4-9867-EC68511D3E01}.Debug|Any CPU.Build.0 = Debug|Any CPU
		{B0CDBF39-0B65-47B4-9867-EC68511D3E01}.Release|Any CPU.ActiveCfg = Release|Any CPU
		{B0CDBF39-0B65-47B4-9867-EC68511D3E01}.Release|Any CPU.Build.0 = Release|Any CPU
		{5AEFF96C-D9E7-4448-BEE7-638E0471AE86}.Debug|Any CPU.ActiveCfg = Debug|Any CPU
		{5AEFF96C-D9E7-4448-BEE7-638E0471AE86}.Debug|Any CPU.Build.0 = Debug|Any CPU
		{5AEFF96C-D9E7-4448-BEE7-638E0471AE86}.Release|Any CPU.ActiveCfg = Release|Any CPU
		{5AEFF96C-D9E7-4448-BEE7-638E0471AE86}.Release|Any CPU.Build.0 = Release|Any CPU
	EndGlobalSection
	GlobalSection(SolutionProperties) = preSolution
		HideSolutionNode = FALSE
	EndGlobalSection
	GlobalSection(ExtensibilityGlobals) = postSolution
		SolutionGuid = {D4BD4742-77C2-4842-9935-3F2E751C08BA}
	EndGlobalSection
EndGlobal
